
Microsoft Visual Studio Solution File, Format Version 12.00
# Visual Studio Version 17
VisualStudioVersion = 17.0.32014.148
MinimumVisualStudioVersion = 10.0.40219.1
Project("{FAE04EC0-301F-11D3-BF4B-00C04F79EFBC}") = "CSharquarium", "CSharquarium\CSharquarium.csproj", "{C47E8717-73AA-46FF-9636-40B15A77E154}"
EndProject
Global
	GlobalSection(SolutionConfigurationPlatforms) = preSolution
		Debug|Any CPU = Debug|Any CPU
		Release|Any CPU = Release|Any CPU
	EndGlobalSection
	GlobalSection(ProjectConfigurationPlatforms) = postSolution
		{C47E8717-73AA-46FF-9636-40B15A77E154}.Debug|Any CPU.ActiveCfg = Debug|Any CPU
		{C47E8717-73AA-46FF-9636-40B15A77E154}.Debug|Any CPU.Build.0 = Debug|Any CPU
		{C47E8717-73AA-46FF-9636-40B15A77E154}.Release|Any CPU.ActiveCfg = Release|Any CPU
		{C47E8717-73AA-46FF-9636-40B15A77E154}.Release|Any CPU.Build.0 = Release|Any CPU
	EndGlobalSection
	GlobalSection(SolutionProperties) = preSolution
		HideSolutionNode = FALSE
	EndGlobalSection
	GlobalSection(ExtensibilityGlobals) = postSolution
		SolutionGuid = {CC8834C0-2A13-4F02-BF4D-33D8642F7F86}
	EndGlobalSection
EndGlobal
